// !$*UTF8*$!
{
	archiveVersion = 1;
	classes = {
	};
	objectVersion = 46;
	objects = {

/* Begin PBXBuildFile section */
		CD13B16F1BEF192A0003FAAB /* ViewController2.swift in Sources */ = {isa = PBXBuildFile; fileRef = CD13B16E1BEF192A0003FAAB /* ViewController2.swift */; };
		CD49662B1BD94FDE00495993 /* AppDelegate.swift in Sources */ = {isa = PBXBuildFile; fileRef = CD49662A1BD94FDE00495993 /* AppDelegate.swift */; };
		CD49662D1BD94FDE00495993 /* ViewController.swift in Sources */ = {isa = PBXBuildFile; fileRef = CD49662C1BD94FDE00495993 /* ViewController.swift */; };
		CD4966301BD94FDE00495993 /* Main.storyboard in Resources */ = {isa = PBXBuildFile; fileRef = CD49662E1BD94FDE00495993 /* Main.storyboard */; };
		CD4966321BD94FDE00495993 /* Assets.xcassets in Resources */ = {isa = PBXBuildFile; fileRef = CD4966311BD94FDE00495993 /* Assets.xcassets */; };
		CD4B53B51BEF384C00DE2D9D /* arrayBuilder.swift in Sources */ = {isa = PBXBuildFile; fileRef = CD4B53B41BEF384C00DE2D9D /* arrayBuilder.swift */; };
		CD82B8341C4350DB00088652 /* IMG_0041.JPG in Resources */ = {isa = PBXBuildFile; fileRef = CD82B8331C4350DB00088652 /* IMG_0041.JPG */; };
		CDE3B3071BEF5BDE004D56AB /* ViewController3.swift in Sources */ = {isa = PBXBuildFile; fileRef = CDE3B3061BEF5BDE004D56AB /* ViewController3.swift */; };
/* End PBXBuildFile section */

/* Begin PBXFileReference section */
		CD13B16E1BEF192A0003FAAB /* ViewController2.swift */ = {isa = PBXFileReference; fileEncoding = 4; lastKnownFileType = sourcecode.swift; path = ViewController2.swift; sourceTree = "<group>"; };
		CD4966271BD94FDE00495993 /* ThingsToDo.app */ = {isa = PBXFileReference; explicitFileType = wrapper.application; includeInIndex = 0; name = ThingsToDo.app; path = "/Users/Code/Desktop/ThingsToDo/build/Debug-iphoneos/ThingsToDo.app"; sourceTree = "<absolute>"; };
		CD49662A1BD94FDE00495993 /* AppDelegate.swift */ = {isa = PBXFileReference; lastKnownFileType = sourcecode.swift; path = AppDelegate.swift; sourceTree = "<group>"; };
		CD49662C1BD94FDE00495993 /* ViewController.swift */ = {isa = PBXFileReference; lastKnownFileType = sourcecode.swift; path = ViewController.swift; sourceTree = "<group>"; };
		CD49662F1BD94FDE00495993 /* Base */ = {isa = PBXFileReference; lastKnownFileType = file.storyboard; name = Base; path = Base.lproj/Main.storyboard; sourceTree = "<group>"; };
		CD4966311BD94FDE00495993 /* Assets.xcassets */ = {isa = PBXFileReference; lastKnownFileType = folder.assetcatalog; path = Assets.xcassets; sourceTree = "<group>"; };
		CD4966361BD94FDE00495993 /* Info.plist */ = {isa = PBXFileReference; lastKnownFileType = text.plist.xml; path = Info.plist; sourceTree = "<group>"; };
		CD4B53B41BEF384C00DE2D9D /* arrayBuilder.swift */ = {isa = PBXFileReference; fileEncoding = 4; lastKnownFileType = sourcecode.swift; path = arrayBuilder.swift; sourceTree = "<group>"; };
		CD82B8331C4350DB00088652 /* IMG_0041.JPG */ = {isa = PBXFileReference; lastKnownFileType = image.jpeg; path = IMG_0041.JPG; sourceTree = "<group>"; };
		CDE3B3061BEF5BDE004D56AB /* ViewController3.swift */ = {isa = PBXFileReference; fileEncoding = 4; lastKnownFileType = sourcecode.swift; path = ViewController3.swift; sourceTree = "<group>"; };
/* End PBXFileReference section */

/* Begin PBXFrameworksBuildPhase section */
		CD4966241BD94FDE00495993 /* Frameworks */ = {
			isa = PBXFrameworksBuildPhase;
			buildActionMask = 2147483647;
			files = (
			);
			runOnlyForDeploymentPostprocessing = 0;
		};
/* End PBXFrameworksBuildPhase section */

/* Begin PBXGroup section */
		CD49661E1BD94FDE00495993 = {
			isa = PBXGroup;
			children = (
				CD4966291BD94FDE00495993 /* ThingsToDo */,
			);
			sourceTree = "<group>";
		};
		CD4966291BD94FDE00495993 /* ThingsToDo */ = {
			isa = PBXGroup;
			children = (
				CD49662A1BD94FDE00495993 /* AppDelegate.swift */,
				CD49662C1BD94FDE00495993 /* ViewController.swift */,
				CD4B53B41BEF384C00DE2D9D /* arrayBuilder.swift */,
				CD13B16E1BEF192A0003FAAB /* ViewController2.swift */,
				CDE3B3061BEF5BDE004D56AB /* ViewController3.swift */,
				CD82B8331C4350DB00088652 /* IMG_0041.JPG */,
				CD49662E1BD94FDE00495993 /* Main.storyboard */,
				CD4966361BD94FDE00495993 /* Info.plist */,
				CD4966311BD94FDE00495993 /* Assets.xcassets */,
			);
			path = ThingsToDo;
			sourceTree = "<group>";
		};
/* End PBXGroup section */

/* Begin PBXNativeTarget section */
		CD4966261BD94FDE00495993 /* ThingsToDo */ = {
			isa = PBXNativeTarget;
			buildConfigurationList = CD4966391BD94FDE00495993 /* Build configuration list for PBXNativeTarget "ThingsToDo" */;
			buildPhases = (
				CD4966231BD94FDE00495993 /* Sources */,
				CD4966241BD94FDE00495993 /* Frameworks */,
				CD4966251BD94FDE00495993 /* Resources */,
			);
			buildRules = (
			);
			dependencies = (
			);
			name = ThingsToDo;
			productName = ThingsToDo;
			productReference = CD4966271BD94FDE00495993 /* ThingsToDo.app */;
			productType = "com.apple.product-type.application";
		};
/* End PBXNativeTarget section */

/* Begin PBXProject section */
		CD49661F1BD94FDE00495993 /* Project object */ = {
			isa = PBXProject;
			attributes = {
				LastUpgradeCheck = 0700;
				ORGANIZATIONNAME = ccorvino;
				TargetAttributes = {
					CD4966261BD94FDE00495993 = {
						CreatedOnToolsVersion = 7.0.1;
						DevelopmentTeam = 6FE3945UX4;
					};
				};
			};
			buildConfigurationList = CD4966221BD94FDE00495993 /* Build configuration list for PBXProject "ThingsToDo" */;
			compatibilityVersion = "Xcode 3.2";
			developmentRegion = English;
			hasScannedForEncodings = 0;
			knownRegions = (
				en,
				Base,
			);
			mainGroup = CD49661E1BD94FDE00495993;
			productRefGroup = CD49661E1BD94FDE00495993;
			projectDirPath = "";
			projectRoot = "";
			targets = (
				CD4966261BD94FDE00495993 /* ThingsToDo */,
			);
		};
/* End PBXProject section */

/* Begin PBXResourcesBuildPhase section */
		CD4966251BD94FDE00495993 /* Resources */ = {
			isa = PBXResourcesBuildPhase;
			buildActionMask = 2147483647;
			files = (
				CD82B8341C4350DB00088652 /* IMG_0041.JPG in Resources */,
				CD4966321BD94FDE00495993 /* Assets.xcassets in Resources */,
				CD4966301BD94FDE00495993 /* Main.storyboard in Resources */,
			);
			runOnlyForDeploymentPostprocessing = 0;
		};
/* End PBXResourcesBuildPhase section */

/* Begin PBXSourcesBuildPhase section */
		CD4966231BD94FDE00495993 /* Sources */ = {
			isa = PBXSourcesBuildPhase;
			buildActionMask = 2147483647;
			files = (
				CDE3B3071BEF5BDE004D56AB /* ViewController3.swift in Sources */,
				CD49662D1BD94FDE00495993 /* ViewController.swift in Sources */,
				CD49662B1BD94FDE00495993 /* AppDelegate.swift in Sources */,
				CD13B16F1BEF192A0003FAAB /* ViewController2.swift in Sources */,
				CD4B53B51BEF384C00DE2D9D /* arrayBuilder.swift in Sources */,
			);
			runOnlyForDeploymentPostprocessing = 0;
		};
/* End PBXSourcesBuildPhase section */

/* Begin PBXVariantGroup section */
		CD49662E1BD94FDE00495993 /* Main.storyboard */ = {
			isa = PBXVariantGroup;
			children = (
				CD49662F1BD94FDE00495993 /* Base */,
			);
			name = Main.storyboard;
			sourceTree = "<group>";
		};
/* End PBXVariantGroup section */

/* Begin XCBuildConfiguration section */
		CD4966371BD94FDE00495993 /* Debug */ = {
			isa = XCBuildConfiguration;
			buildSettings = {
				ALWAYS_SEARCH_USER_PATHS = NO;
				CLANG_CXX_LANGUAGE_STANDARD = "gnu++0x";
				CLANG_CXX_LIBRARY = "libc++";
				CLANG_ENABLE_MODULES = YES;
				CLANG_ENABLE_OBJC_ARC = YES;
				CLANG_WARN_BOOL_CONVERSION = YES;
				CLANG_WARN_CONSTANT_CONVERSION = YES;
				CLANG_WARN_DIRECT_OBJC_ISA_USAGE = YES_ERROR;
				CLANG_WARN_EMPTY_BODY = YES;
				CLANG_WARN_ENUM_CONVERSION = YES;
				CLANG_WARN_INT_CONVERSION = YES;
				CLANG_WARN_OBJC_ROOT_CLASS = YES_ERROR;
				CLANG_WARN_UNREACHABLE_CODE = YES;
				CLANG_WARN__DUPLICATE_METHOD_MATCH = YES;
				"CODE_SIGN_IDENTITY[sdk=iphoneos*]" = "iPhone Developer";
				COPY_PHASE_STRIP = NO;
				DEBUG_INFORMATION_FORMAT = dwarf;
				ENABLE_STRICT_OBJC_MSGSEND = YES;
				ENABLE_TESTABILITY = YES;
				GCC_C_LANGUAGE_STANDARD = gnu99;
				GCC_DYNAMIC_NO_PIC = NO;
				GCC_NO_COMMON_BLOCKS = YES;
				GCC_OPTIMIZATION_LEVEL = 0;
				GCC_PREPROCESSOR_DEFINITIONS = (
					"DEBUG=1",
					"$(inherited)",
				);
				GCC_WARN_64_TO_32_BIT_CONVERSION = YES;
				GCC_WARN_ABOUT_RETURN_TYPE = YES_ERROR;
				GCC_WARN_UNDECLARED_SELECTOR = YES;
				GCC_WARN_UNINITIALIZED_AUTOS = YES_AGGRESSIVE;
				GCC_WARN_UNUSED_FUNCTION = YES;
				GCC_WARN_UNUSED_VARIABLE = YES;
				IPHONEOS_DEPLOYMENT_TARGET = 9.0;
				MTL_ENABLE_DEBUG_INFO = YES;
				ONLY_ACTIVE_ARCH = YES;
				SDKROOT = iphoneos;
				SWIFT_OPTIMIZATION_LEVEL = "-Onone";
			};
			name = Debug;
		};
		CD4966381BD94FDE00495993 /* Release */ = {
			isa = XCBuildConfiguration;
			buildSettings = {
				ALWAYS_SEARCH_USER_PATHS = NO;
				CLANG_CXX_LANGUAGE_STANDARD = "gnu++0x";
				CLANG_CXX_LIBRARY = "libc++";
				CLANG_ENABLE_MODULES = YES;
				CLANG_ENABLE_OBJC_ARC = YES;
				CLANG_WARN_BOOL_CONVERSION = YES;
				CLANG_WARN_CONSTANT_CONVERSION = YES;
				CLANG_WARN_DIRECT_OBJC_ISA_USAGE = YES_ERROR;
				CLANG_WARN_EMPTY_BODY = YES;
				CLANG_WARN_ENUM_CONVERSION = YES;
				CLANG_WARN_INT_CONVERSION = YES;
				CLANG_WARN_OBJC_ROOT_CLASS = YES_ERROR;
				CLANG_WARN_UNREACHABLE_CODE = YES;
				CLANG_WARN__DUPLICATE_METHOD_MATCH = YES;
				"CODE_SIGN_IDENTITY[sdk=iphoneos*]" = "iPhone Developer";
				COPY_PHASE_STRIP = NO;
				DEBUG_INFORMATION_FORMAT = "dwarf-with-dsym";
				ENABLE_NS_ASSERTIONS = NO;
				ENABLE_STRICT_OBJC_MSGSEND = YES;
				GCC_C_LANGUAGE_STANDARD = gnu99;
				GCC_NO_COMMON_BLOCKS = YES;
				GCC_WARN_64_TO_32_BIT_CONVERSION = YES;
				GCC_WARN_ABOUT_RETURN_TYPE = YES_ERROR;
				GCC_WARN_UNDECLARED_SELECTOR = YES;
				GCC_WARN_UNINITIALIZED_AUTOS = YES_AGGRESSIVE;
				GCC_WARN_UNUSED_FUNCTION = YES;
				GCC_WARN_UNUSED_VARIABLE = YES;
				IPHONEOS_DEPLOYMENT_TARGET = 9.0;
				MTL_ENABLE_DEBUG_INFO = NO;
				SDKROOT = iphoneos;
				VALIDATE_PRODUCT = YES;
			};
			name = Release;
		};
		CD49663A1BD94FDE00495993 /* Debug */ = {
			isa = XCBuildConfiguration;
			buildSettings = {
				ASSETCATALOG_COMPILER_APPICON_NAME = AppIcon;
				CODE_SIGN_IDENTITY = "iPhone Developer";
				INFOPLIST_FILE = ThingsToDo/Info.plist;
				IPHONEOS_DEPLOYMENT_TARGET = 9.0;
				LD_RUNPATH_SEARCH_PATHS = "$(inherited) @executable_path/Frameworks";
				PRODUCT_BUNDLE_IDENTIFIER = com.ccorvino.ThingsToDo;
				PRODUCT_NAME = "$(TARGET_NAME)";
				TARGETED_DEVICE_FAMILY = 1;
			};
			name = Debug;
		};
		CD49663B1BD94FDE00495993 /* Release */ = {
			isa = XCBuildConfiguration;
			buildSettings = {
				ASSETCATALOG_COMPILER_APPICON_NAME = AppIcon;
				CODE_SIGN_IDENTITY = "iPhone Developer";
				INFOPLIST_FILE = ThingsToDo/Info.plist;
				IPHONEOS_DEPLOYMENT_TARGET = 9.0;
				LD_RUNPATH_SEARCH_PATHS = "$(inherited) @executable_path/Frameworks";
				PRODUCT_BUNDLE_IDENTIFIER = com.ccorvino.ThingsToDo;
				PRODUCT_NAME = "$(TARGET_NAME)";
				TARGETED_DEVICE_FAMILY = 1;
			};
			name = Release;
		};
/* End XCBuildConfiguration section */

/* Begin XCConfigurationList section */
		CD4966221BD94FDE00495993 /* Build configuration list for PBXProject "ThingsToDo" */ = {
			isa = XCConfigurationList;
			buildConfigurations = (
				CD4966371BD94FDE00495993 /* Debug */,
				CD4966381BD94FDE00495993 /* Release */,
			);
			defaultConfigurationIsVisible = 0;
			defaultConfigurationName = Release;
		};
		CD4966391BD94FDE00495993 /* Build configuration list for PBXNativeTarget "ThingsToDo" */ = {
			isa = XCConfigurationList;
			buildConfigurations = (
				CD49663A1BD94FDE00495993 /* Debug */,
				CD49663B1BD94FDE00495993 /* Release */,
			);
			defaultConfigurationIsVisible = 0;
			defaultConfigurationName = Release;
		};
/* End XCConfigurationList section */
	};
	rootObject = CD49661F1BD94FDE00495993 /* Project object */;
}
